// !$*UTF8*$!
{
	archiveVersion = 1;
	classes = {
	};
	objectVersion = 55;
	objects = {

/* Begin PBXBuildFile section */
		7831A3E4294397BB00D3D7E9 /* main.cpp in Sources */ = {isa = PBXBuildFile; fileRef = 7831A3E3294397BB00D3D7E9 /* main.cpp */; };
		7831A3F82944EA1400D3D7E9 /* Integer.h in Sources */ = {isa = PBXBuildFile; fileRef = 7831A3F62944EA1400D3D7E9 /* Integer.h */; };
		7831A3FF29455A5900D3D7E9 /* IntegerAbelianGroup.h in Sources */ = {isa = PBXBuildFile; fileRef = 7831A3FE29455A5900D3D7E9 /* IntegerAbelianGroup.h */; };
		7831A40229456C3C00D3D7E9 /* SymmetricGroup.h in Sources */ = {isa = PBXBuildFile; fileRef = 7831A40129456C3C00D3D7E9 /* SymmetricGroup.h */; };
		78A689AF294E287D00A3BA9A /* RationalNumber.h in Sources */ = {isa = PBXBuildFile; fileRef = 78A689AE294E287D00A3BA9A /* RationalNumber.h */; };
/* End PBXBuildFile section */

/* Begin PBXCopyFilesBuildPhase section */
		7831A3DE294397BB00D3D7E9 /* CopyFiles */ = {
			isa = PBXCopyFilesBuildPhase;
			buildActionMask = 2147483647;
			dstPath = /usr/share/man/man1/;
			dstSubfolderSpec = 0;
			files = (
			);
			runOnlyForDeploymentPostprocessing = 1;
		};
/* End PBXCopyFilesBuildPhase section */

/* Begin PBXFileReference section */
		7831A3E0294397BB00D3D7E9 /* Algebra */ = {isa = PBXFileReference; explicitFileType = "compiled.mach-o.executable"; includeInIndex = 0; path = Algebra; sourceTree = BUILT_PRODUCTS_DIR; };
		7831A3E3294397BB00D3D7E9 /* main.cpp */ = {isa = PBXFileReference; lastKnownFileType = sourcecode.cpp.cpp; path = main.cpp; sourceTree = "<group>"; };
		7831A3F32944C5A100D3D7E9 /* memo.txt */ = {isa = PBXFileReference; lastKnownFileType = text; name = memo.txt; path = ../memo.txt; sourceTree = "<group>"; };
		7831A3F42944E99E00D3D7E9 /* Set.h */ = {isa = PBXFileReference; lastKnownFileType = sourcecode.c.h; path = Set.h; sourceTree = "<group>"; };
		7831A3F52944E9E100D3D7E9 /* AbelianGroup.h */ = {isa = PBXFileReference; lastKnownFileType = sourcecode.c.h; path = AbelianGroup.h; sourceTree = "<group>"; };
		7831A3F62944EA1400D3D7E9 /* Integer.h */ = {isa = PBXFileReference; lastKnownFileType = sourcecode.c.h; path = Integer.h; sourceTree = "<group>"; };
		7831A3F92945536C00D3D7E9 /* OrderedSet.h */ = {isa = PBXFileReference; lastKnownFileType = sourcecode.c.h; path = OrderedSet.h; sourceTree = "<group>"; };
		7831A3FA294553FF00D3D7E9 /* AbelianSemiGroup.h */ = {isa = PBXFileReference; lastKnownFileType = sourcecode.c.h; path = AbelianSemiGroup.h; sourceTree = "<group>"; };
		7831A3FB2945547500D3D7E9 /* AbelianMonoid.h */ = {isa = PBXFileReference; lastKnownFileType = sourcecode.c.h; path = AbelianMonoid.h; sourceTree = "<group>"; };
		7831A3FC2945579C00D3D7E9 /* SemiGroup.h */ = {isa = PBXFileReference; lastKnownFileType = sourcecode.c.h; path = SemiGroup.h; sourceTree = "<group>"; };
		7831A3FD294557E900D3D7E9 /* Monoid.h */ = {isa = PBXFileReference; lastKnownFileType = sourcecode.c.h; path = Monoid.h; sourceTree = "<group>"; };
		7831A3FE29455A5900D3D7E9 /* IntegerAbelianGroup.h */ = {isa = PBXFileReference; lastKnownFileType = sourcecode.c.h; path = IntegerAbelianGroup.h; sourceTree = "<group>"; };
		7831A40029456B6700D3D7E9 /* Group.h */ = {isa = PBXFileReference; lastKnownFileType = sourcecode.c.h; path = Group.h; sourceTree = "<group>"; };
		7831A40129456C3C00D3D7E9 /* SymmetricGroup.h */ = {isa = PBXFileReference; lastKnownFileType = sourcecode.c.h; path = SymmetricGroup.h; sourceTree = "<group>"; };
		78A689AA294CDC5600A3BA9A /* Ring.h */ = {isa = PBXFileReference; lastKnownFileType = sourcecode.c.h; path = Ring.h; sourceTree = "<group>"; };
		78A689AB294CDCF400A3BA9A /* OrderedRing.h */ = {isa = PBXFileReference; lastKnownFileType = sourcecode.c.h; path = OrderedRing.h; sourceTree = "<group>"; };
		78A689AC294E15B800A3BA9A /* Field.h */ = {isa = PBXFileReference; lastKnownFileType = sourcecode.c.h; path = Field.h; sourceTree = SOURCE_ROOT; };
		78A689AD294E27DA00A3BA9A /* OrderedField.h */ = {isa = PBXFileReference; lastKnownFileType = sourcecode.c.h; path = OrderedField.h; sourceTree = "<group>"; };
		78A689AE294E287D00A3BA9A /* RationalNumber.h */ = {isa = PBXFileReference; lastKnownFileType = sourcecode.c.h; path = RationalNumber.h; sourceTree = SOURCE_ROOT; };
/* End PBXFileReference section */

/* Begin PBXFrameworksBuildPhase section */
		7831A3DD294397BB00D3D7E9 /* Frameworks */ = {
			isa = PBXFrameworksBuildPhase;
			buildActionMask = 2147483647;
			files = (
			);
			runOnlyForDeploymentPostprocessing = 0;
		};
/* End PBXFrameworksBuildPhase section */

/* Begin PBXGroup section */
		7831A3D7294397BB00D3D7E9 = {
			isa = PBXGroup;
			children = (
				7831A3F32944C5A100D3D7E9 /* memo.txt */,
				7831A3E2294397BB00D3D7E9 /* Algebra */,
				7831A3E1294397BB00D3D7E9 /* Products */,
			);
			sourceTree = "<group>";
		};
		7831A3E1294397BB00D3D7E9 /* Products */ = {
			isa = PBXGroup;
			children = (
				7831A3E0294397BB00D3D7E9 /* Algebra */,
			);
			name = Products;
			sourceTree = "<group>";
		};
		7831A3E2294397BB00D3D7E9 /* Algebra */ = {
			isa = PBXGroup;
			children = (
				7831A3F42944E99E00D3D7E9 /* Set.h */,
				7831A3F92945536C00D3D7E9 /* OrderedSet.h */,
				7831A3FA294553FF00D3D7E9 /* AbelianSemiGroup.h */,
				7831A3FB2945547500D3D7E9 /* AbelianMonoid.h */,
				7831A3F52944E9E100D3D7E9 /* AbelianGroup.h */,
				7831A3FC2945579C00D3D7E9 /* SemiGroup.h */,
				7831A3FD294557E900D3D7E9 /* Monoid.h */,
				7831A40029456B6700D3D7E9 /* Group.h */,
				78A689AA294CDC5600A3BA9A /* Ring.h */,
				78A689AB294CDCF400A3BA9A /* OrderedRing.h */,
				78A689AC294E15B800A3BA9A /* Field.h */,
				78A689AD294E27DA00A3BA9A /* OrderedField.h */,
				7831A3F62944EA1400D3D7E9 /* Integer.h */,
				7831A40129456C3C00D3D7E9 /* SymmetricGroup.h */,
				7831A3FE29455A5900D3D7E9 /* IntegerAbelianGroup.h */,
				78A689AE294E287D00A3BA9A /* RationalNumber.h */,
				7831A3E3294397BB00D3D7E9 /* main.cpp */,
			);
			path = Algebra;
			sourceTree = "<group>";
		};
/* End PBXGroup section */

/* Begin PBXNativeTarget section */
		7831A3DF294397BB00D3D7E9 /* Algebra */ = {
			isa = PBXNativeTarget;
			buildConfigurationList = 7831A3E7294397BB00D3D7E9 /* Build configuration list for PBXNativeTarget "Algebra" */;
			buildPhases = (
				7831A3DC294397BB00D3D7E9 /* Sources */,
				7831A3DD294397BB00D3D7E9 /* Frameworks */,
				7831A3DE294397BB00D3D7E9 /* CopyFiles */,
			);
			buildRules = (
			);
			dependencies = (
			);
			name = Algebra;
			productName = Algebra;
			productReference = 7831A3E0294397BB00D3D7E9 /* Algebra */;
			productType = "com.apple.product-type.tool";
		};
/* End PBXNativeTarget section */

/* Begin PBXProject section */
		7831A3D8294397BB00D3D7E9 /* Project object */ = {
			isa = PBXProject;
			attributes = {
				BuildIndependentTargetsInParallel = 1;
				LastUpgradeCheck = 1340;
				TargetAttributes = {
					7831A3DF294397BB00D3D7E9 = {
						CreatedOnToolsVersion = 13.4.1;
					};
				};
			};
			buildConfigurationList = 7831A3DB294397BB00D3D7E9 /* Build configuration list for PBXProject "Algebra" */;
			compatibilityVersion = "Xcode 13.0";
			developmentRegion = en;
			hasScannedForEncodings = 0;
			knownRegions = (
				en,
				Base,
			);
			mainGroup = 7831A3D7294397BB00D3D7E9;
			productRefGroup = 7831A3E1294397BB00D3D7E9 /* Products */;
			projectDirPath = "";
			projectRoot = "";
			targets = (
				7831A3DF294397BB00D3D7E9 /* Algebra */,
			);
		};
/* End PBXProject section */

/* Begin PBXSourcesBuildPhase section */
		7831A3DC294397BB00D3D7E9 /* Sources */ = {
			isa = PBXSourcesBuildPhase;
			buildActionMask = 2147483647;
			files = (
				7831A3F82944EA1400D3D7E9 /* Integer.h in Sources */,
				78A689AF294E287D00A3BA9A /* RationalNumber.h in Sources */,
				7831A40229456C3C00D3D7E9 /* SymmetricGroup.h in Sources */,
				7831A3E4294397BB00D3D7E9 /* main.cpp in Sources */,
				7831A3FF29455A5900D3D7E9 /* IntegerAbelianGroup.h in Sources */,
			);
			runOnlyForDeploymentPostprocessing = 0;
		};
/* End PBXSourcesBuildPhase section */

/* Begin XCBuildConfiguration section */
		7831A3E5294397BB00D3D7E9 /* Debug */ = {
			isa = XCBuildConfiguration;
			buildSettings = {
				ALWAYS_SEARCH_USER_PATHS = NO;
				CLANG_ANALYZER_NONNULL = YES;
				CLANG_ANALYZER_NUMBER_OBJECT_CONVERSION = YES_AGGRESSIVE;
				CLANG_CXX_LANGUAGE_STANDARD = "gnu++17";
				CLANG_ENABLE_MODULES = YES;
				CLANG_ENABLE_OBJC_ARC = YES;
				CLANG_ENABLE_OBJC_WEAK = YES;
				CLANG_WARN_BLOCK_CAPTURE_AUTORELEASING = YES;
				CLANG_WARN_BOOL_CONVERSION = YES;
				CLANG_WARN_COMMA = YES;
				CLANG_WARN_CONSTANT_CONVERSION = YES;
				CLANG_WARN_DEPRECATED_OBJC_IMPLEMENTATIONS = YES;
				CLANG_WARN_DIRECT_OBJC_ISA_USAGE = YES_ERROR;
				CLANG_WARN_DOCUMENTATION_COMMENTS = YES;
				CLANG_WARN_EMPTY_BODY = YES;
				CLANG_WARN_ENUM_CONVERSION = YES;
				CLANG_WARN_INFINITE_RECURSION = YES;
				CLANG_WARN_INT_CONVERSION = YES;
				CLANG_WARN_NON_LITERAL_NULL_CONVERSION = YES;
				CLANG_WARN_OBJC_IMPLICIT_RETAIN_SELF = YES;
				CLANG_WARN_OBJC_LITERAL_CONVERSION = YES;
				CLANG_WARN_OBJC_ROOT_CLASS = YES_ERROR;
				CLANG_WARN_QUOTED_INCLUDE_IN_FRAMEWORK_HEADER = YES;
				CLANG_WARN_RANGE_LOOP_ANALYSIS = YES;
				CLANG_WARN_STRICT_PROTOTYPES = YES;
				CLANG_WARN_SUSPICIOUS_MOVE = YES;
				CLANG_WARN_UNGUARDED_AVAILABILITY = YES_AGGRESSIVE;
				CLANG_WARN_UNREACHABLE_CODE = YES;
				CLANG_WARN__DUPLICATE_METHOD_MATCH = YES;
				COPY_PHASE_STRIP = NO;
				DEBUG_INFORMATION_FORMAT = dwarf;
				ENABLE_STRICT_OBJC_MSGSEND = YES;
				ENABLE_TESTABILITY = YES;
				GCC_C_LANGUAGE_STANDARD = gnu11;
				GCC_DYNAMIC_NO_PIC = NO;
				GCC_NO_COMMON_BLOCKS = YES;
				GCC_OPTIMIZATION_LEVEL = 0;
				GCC_PREPROCESSOR_DEFINITIONS = (
					"DEBUG=1",
					"$(inherited)",
				);
				GCC_WARN_64_TO_32_BIT_CONVERSION = YES;
				GCC_WARN_ABOUT_RETURN_TYPE = YES_ERROR;
				GCC_WARN_UNDECLARED_SELECTOR = YES;
				GCC_WARN_UNINITIALIZED_AUTOS = YES_AGGRESSIVE;
				GCC_WARN_UNUSED_FUNCTION = YES;
				GCC_WARN_UNUSED_VARIABLE = YES;
				MACOSX_DEPLOYMENT_TARGET = 12.3;
				MTL_ENABLE_DEBUG_INFO = INCLUDE_SOURCE;
				MTL_FAST_MATH = YES;
				ONLY_ACTIVE_ARCH = YES;
				SDKROOT = macosx;
			};
			name = Debug;
		};
		7831A3E6294397BB00D3D7E9 /* Release */ = {
			isa = XCBuildConfiguration;
			buildSettings = {
				ALWAYS_SEARCH_USER_PATHS = NO;
				CLANG_ANALYZER_NONNULL = YES;
				CLANG_ANALYZER_NUMBER_OBJECT_CONVERSION = YES_AGGRESSIVE;
				CLANG_CXX_LANGUAGE_STANDARD = "gnu++17";
				CLANG_ENABLE_MODULES = YES;
				CLANG_ENABLE_OBJC_ARC = YES;
				CLANG_ENABLE_OBJC_WEAK = YES;
				CLANG_WARN_BLOCK_CAPTURE_AUTORELEASING = YES;
				CLANG_WARN_BOOL_CONVERSION = YES;
				CLANG_WARN_COMMA = YES;
				CLANG_WARN_CONSTANT_CONVERSION = YES;
				CLANG_WARN_DEPRECATED_OBJC_IMPLEMENTATIONS = YES;
				CLANG_WARN_DIRECT_OBJC_ISA_USAGE = YES_ERROR;
				CLANG_WARN_DOCUMENTATION_COMMENTS = YES;
				CLANG_WARN_EMPTY_BODY = YES;
				CLANG_WARN_ENUM_CONVERSION = YES;
				CLANG_WARN_INFINITE_RECURSION = YES;
				CLANG_WARN_INT_CONVERSION = YES;
				CLANG_WARN_NON_LITERAL_NULL_CONVERSION = YES;
				CLANG_WARN_OBJC_IMPLICIT_RETAIN_SELF = YES;
				CLANG_WARN_OBJC_LITERAL_CONVERSION = YES;
				CLANG_WARN_OBJC_ROOT_CLASS = YES_ERROR;
				CLANG_WARN_QUOTED_INCLUDE_IN_FRAMEWORK_HEADER = YES;
				CLANG_WARN_RANGE_LOOP_ANALYSIS = YES;
				CLANG_WARN_STRICT_PROTOTYPES = YES;
				CLANG_WARN_SUSPICIOUS_MOVE = YES;
				CLANG_WARN_UNGUARDED_AVAILABILITY = YES_AGGRESSIVE;
				CLANG_WARN_UNREACHABLE_CODE = YES;
				CLANG_WARN__DUPLICATE_METHOD_MATCH = YES;
				COPY_PHASE_STRIP = NO;
				DEBUG_INFORMATION_FORMAT = "dwarf-with-dsym";
				ENABLE_NS_ASSERTIONS = NO;
				ENABLE_STRICT_OBJC_MSGSEND = YES;
				GCC_C_LANGUAGE_STANDARD = gnu11;
				GCC_NO_COMMON_BLOCKS = YES;
				GCC_WARN_64_TO_32_BIT_CONVERSION = YES;
				GCC_WARN_ABOUT_RETURN_TYPE = YES_ERROR;
				GCC_WARN_UNDECLARED_SELECTOR = YES;
				GCC_WARN_UNINITIALIZED_AUTOS = YES_AGGRESSIVE;
				GCC_WARN_UNUSED_FUNCTION = YES;
				GCC_WARN_UNUSED_VARIABLE = YES;
				MACOSX_DEPLOYMENT_TARGET = 12.3;
				MTL_ENABLE_DEBUG_INFO = NO;
				MTL_FAST_MATH = YES;
				SDKROOT = macosx;
			};
			name = Release;
		};
		7831A3E8294397BB00D3D7E9 /* Debug */ = {
			isa = XCBuildConfiguration;
			buildSettings = {
				CODE_SIGN_STYLE = Automatic;
				DEVELOPMENT_TEAM = 3P296442FL;
				ENABLE_HARDENED_RUNTIME = YES;
				PRODUCT_NAME = "$(TARGET_NAME)";
			};
			name = Debug;
		};
		7831A3E9294397BB00D3D7E9 /* Release */ = {
			isa = XCBuildConfiguration;
			buildSettings = {
				CODE_SIGN_STYLE = Automatic;
				DEVELOPMENT_TEAM = 3P296442FL;
				ENABLE_HARDENED_RUNTIME = YES;
				PRODUCT_NAME = "$(TARGET_NAME)";
			};
			name = Release;
		};
/* End XCBuildConfiguration section */

/* Begin XCConfigurationList section */
		7831A3DB294397BB00D3D7E9 /* Build configuration list for PBXProject "Algebra" */ = {
			isa = XCConfigurationList;
			buildConfigurations = (
				7831A3E5294397BB00D3D7E9 /* Debug */,
				7831A3E6294397BB00D3D7E9 /* Release */,
			);
			defaultConfigurationIsVisible = 0;
			defaultConfigurationName = Release;
		};
		7831A3E7294397BB00D3D7E9 /* Build configuration list for PBXNativeTarget "Algebra" */ = {
			isa = XCConfigurationList;
			buildConfigurations = (
				7831A3E8294397BB00D3D7E9 /* Debug */,
				7831A3E9294397BB00D3D7E9 /* Release */,
			);
			defaultConfigurationIsVisible = 0;
			defaultConfigurationName = Release;
		};
/* End XCConfigurationList section */
	};
	rootObject = 7831A3D8294397BB00D3D7E9 /* Project object */;
}
